
Microsoft Visual Studio Solution File, Format Version 12.00
Project("{FAE04EC0-301F-11D3-BF4B-00C04F79EFBC}") = "csv-repo", "csv-repo\csv-repo.csproj", "{0344E213-C988-4BB7-8EFA-025C2005190C}"
EndProject
Global
	GlobalSection(SolutionConfigurationPlatforms) = preSolution
		Debug|Any CPU = Debug|Any CPU
		Release|Any CPU = Release|Any CPU
	EndGlobalSection
	GlobalSection(ProjectConfigurationPlatforms) = postSolution
		{0344E213-C988-4BB7-8EFA-025C2005190C}.Debug|Any CPU.ActiveCfg = Debug|Any CPU
		{0344E213-C988-4BB7-8EFA-025C2005190C}.Debug|Any CPU.Build.0 = Debug|Any CPU
		{0344E213-C988-4BB7-8EFA-025C2005190C}.Release|Any CPU.ActiveCfg = Release|Any CPU
		{0344E213-C988-4BB7-8EFA-025C2005190C}.Release|Any CPU.Build.0 = Release|Any CPU
	EndGlobalSection
EndGlobal
